// !$*UTF8*$!
{
	archiveVersion = 1;
	classes = {
	};
	objectVersion = 56;
	objects = {

/* Begin PBXBuildFile section */
		E21290272A5F55DC007D9068 /* MediaControls.swift in Sources */ = {isa = PBXBuildFile; fileRef = E21290262A5F55DC007D9068 /* MediaControls.swift */; };
		E212902B2A6057C9007D9068 /* VideoPlayerViewModel.swift in Sources */ = {isa = PBXBuildFile; fileRef = E212902A2A6057C8007D9068 /* VideoPlayerViewModel.swift */; };
		E21D05172A73F89A00CEF29C /* GlobalStoreViewModel.swift in Sources */ = {isa = PBXBuildFile; fileRef = E21D05162A73F89A00CEF29C /* GlobalStoreViewModel.swift */; };
		E21D05192A73FD6A00CEF29C /* PostPage.swift in Sources */ = {isa = PBXBuildFile; fileRef = E21D05182A73FD6A00CEF29C /* PostPage.swift */; };
		E221C3AE2A63E3A900EBFC51 /* HapticService.swift in Sources */ = {isa = PBXBuildFile; fileRef = E221C3AD2A63E3A900EBFC51 /* HapticService.swift */; };
		E221C3B02A63F2FD00EBFC51 /* String+GaryDit.swift in Sources */ = {isa = PBXBuildFile; fileRef = E221C3AF2A63F2FD00EBFC51 /* String+GaryDit.swift */; };
		E23C853B2A5087A20070F81D /* SubredditViewModel.swift in Sources */ = {isa = PBXBuildFile; fileRef = E23C853A2A5087A20070F81D /* SubredditViewModel.swift */; };
		E23C853D2A508EE10070F81D /* LogService.swift in Sources */ = {isa = PBXBuildFile; fileRef = E23C853C2A508EE10070F81D /* LogService.swift */; };
		E23C85412A5188E50070F81D /* CacheService.swift in Sources */ = {isa = PBXBuildFile; fileRef = E23C85402A5188E50070F81D /* CacheService.swift */; };
		E23C85432A51B8E70070F81D /* NoMorePostsView.swift in Sources */ = {isa = PBXBuildFile; fileRef = E23C85422A51B8E70070F81D /* NoMorePostsView.swift */; };
		E23EE10E2A43B3D900E03A45 /* VideoView.swift in Sources */ = {isa = PBXBuildFile; fileRef = E23EE10D2A43B3D900E03A45 /* VideoView.swift */; };
		E240D17B2A65C6DC00B5EED5 /* GlobalCaches.swift in Sources */ = {isa = PBXBuildFile; fileRef = E240D17A2A65C6DC00B5EED5 /* GlobalCaches.swift */; };
		E240D17D2A6BF8B700B5EED5 /* MediaGalleryViewModel.swift in Sources */ = {isa = PBXBuildFile; fileRef = E240D17C2A6BF8B700B5EED5 /* MediaGalleryViewModel.swift */; };
		E240D17F2A6C929900B5EED5 /* MediaOverlayBar.swift in Sources */ = {isa = PBXBuildFile; fileRef = E240D17E2A6C929900B5EED5 /* MediaOverlayBar.swift */; };
		E258D8122A59DA1A001D493D /* CachedImage.swift in Sources */ = {isa = PBXBuildFile; fileRef = E258D8112A59DA1A001D493D /* CachedImage.swift */; };
		E258D8182A5AECC6001D493D /* Local.xcconfig in Resources */ = {isa = PBXBuildFile; fileRef = E258D8172A5AECC6001D493D /* Local.xcconfig */; };
		E258D81B2A5AEE8B001D493D /* Release.xcconfig in Resources */ = {isa = PBXBuildFile; fileRef = E258D81A2A5AEE8B001D493D /* Release.xcconfig */; };
		E258D81C2A5AEE96001D493D /* Development.xcconfig in Resources */ = {isa = PBXBuildFile; fileRef = E258D8192A5AEE81001D493D /* Development.xcconfig */; };
		E260D5852A485BF600A60839 /* VideoPlayer in Frameworks */ = {isa = PBXBuildFile; productRef = E260D5842A485BF600A60839 /* VideoPlayer */; };
		E267458F2A614E06009D3F82 /* Collection+GaryDit.swift in Sources */ = {isa = PBXBuildFile; fileRef = E267458E2A614E06009D3F82 /* Collection+GaryDit.swift */; };
		E26745912A6153DD009D3F82 /* Binding+GaryDit.swift in Sources */ = {isa = PBXBuildFile; fileRef = E26745902A6153DD009D3F82 /* Binding+GaryDit.swift */; };
		E26988922A3D0A9F004DE85B /* GaryDitApp.swift in Sources */ = {isa = PBXBuildFile; fileRef = E26988912A3D0A9F004DE85B /* GaryDitApp.swift */; };
		E26988962A3D0A9F004DE85B /* ContentView.swift in Sources */ = {isa = PBXBuildFile; fileRef = E26988952A3D0A9F004DE85B /* ContentView.swift */; };
		E26988982A3D0AA1004DE85B /* Assets.xcassets in Resources */ = {isa = PBXBuildFile; fileRef = E26988972A3D0AA1004DE85B /* Assets.xcassets */; };
		E269889C2A3D0AA1004DE85B /* Preview Assets.xcassets in Resources */ = {isa = PBXBuildFile; fileRef = E269889B2A3D0AA1004DE85B /* Preview Assets.xcassets */; };
		E26988A72A3D0AA1004DE85B /* GaryDitTests.swift in Sources */ = {isa = PBXBuildFile; fileRef = E26988A62A3D0AA1004DE85B /* GaryDitTests.swift */; };
		E26988B12A3D0AA1004DE85B /* GaryDitUITests.swift in Sources */ = {isa = PBXBuildFile; fileRef = E26988B02A3D0AA1004DE85B /* GaryDitUITests.swift */; };
		E26988B32A3D0AA1004DE85B /* GaryDitUITestsLaunchTests.swift in Sources */ = {isa = PBXBuildFile; fileRef = E26988B22A3D0AA1004DE85B /* GaryDitUITestsLaunchTests.swift */; };
		E26988C22A3D0BED004DE85B /* OAuthSwift in Frameworks */ = {isa = PBXBuildFile; productRef = E26988C12A3D0BED004DE85B /* OAuthSwift */; };
		E26988C52A3D0F2E004DE85B /* LandingPage.swift in Sources */ = {isa = PBXBuildFile; fileRef = E26988C42A3D0F2E004DE85B /* LandingPage.swift */; };
		E26988C82A3D1604004DE85B /* Lottie in Frameworks */ = {isa = PBXBuildFile; productRef = E26988C72A3D1604004DE85B /* Lottie */; };
		E26988CC2A3D169E004DE85B /* LottieView.swift in Sources */ = {isa = PBXBuildFile; fileRef = E26988CB2A3D169E004DE85B /* LottieView.swift */; };
		E26988D02A3D17AA004DE85B /* sloth.json in Resources */ = {isa = PBXBuildFile; fileRef = E26988CF2A3D17AA004DE85B /* sloth.json */; };
		E26988D72A3DA7E9004DE85B /* OAuthResponse.swift in Sources */ = {isa = PBXBuildFile; fileRef = E26988D62A3DA7E9004DE85B /* OAuthResponse.swift */; };
		E26988DD2A3DB53D004DE85B /* Codable+GaryDit.swift in Sources */ = {isa = PBXBuildFile; fileRef = E26988DC2A3DB53D004DE85B /* Codable+GaryDit.swift */; };
		E27479E72A6454A3002A0483 /* NotificationCenter+GaryDit.swift in Sources */ = {isa = PBXBuildFile; fileRef = E27479E62A6454A3002A0483 /* NotificationCenter+GaryDit.swift */; };
		E27AC27A2A5B231E000B8737 /* DistinguishmentType.swift in Sources */ = {isa = PBXBuildFile; fileRef = E27AC2792A5B231E000B8737 /* DistinguishmentType.swift */; };
		E27AC27C2A5B4D8C000B8737 /* MediaGalleryView.swift in Sources */ = {isa = PBXBuildFile; fileRef = E27AC27B2A5B4D8B000B8737 /* MediaGalleryView.swift */; };
		E2949FA12A3DBA1E000669C2 /* AuthManager.swift in Sources */ = {isa = PBXBuildFile; fileRef = E2949FA02A3DBA1E000669C2 /* AuthManager.swift */; };
		E2949FA42A3DBAEF000669C2 /* AuthError.swift in Sources */ = {isa = PBXBuildFile; fileRef = E2949FA32A3DBAEF000669C2 /* AuthError.swift */; };
		E2949FA62A3DBB1F000669C2 /* AuthToken.swift in Sources */ = {isa = PBXBuildFile; fileRef = E2949FA52A3DBB1F000669C2 /* AuthToken.swift */; };
		E2949FAA2A3DBF97000669C2 /* APIClient.swift in Sources */ = {isa = PBXBuildFile; fileRef = E2949FA92A3DBF97000669C2 /* APIClient.swift */; };
		E2949FAC2A3DC8A3000669C2 /* KeychainManager.swift in Sources */ = {isa = PBXBuildFile; fileRef = E2949FAB2A3DC8A3000669C2 /* KeychainManager.swift */; };
		E2949FAE2A3DDA4A000669C2 /* HomePage.swift in Sources */ = {isa = PBXBuildFile; fileRef = E2949FAD2A3DDA4A000669C2 /* HomePage.swift */; };
		E2949FB12A3DE06C000669C2 /* UserService.swift in Sources */ = {isa = PBXBuildFile; fileRef = E2949FB02A3DE06C000669C2 /* UserService.swift */; };
		E2949FB32A3DE3F7000669C2 /* User.swift in Sources */ = {isa = PBXBuildFile; fileRef = E2949FB22A3DE3F7000669C2 /* User.swift */; };
		E2949FB52A3DE873000669C2 /* Color+GaryDit.swift in Sources */ = {isa = PBXBuildFile; fileRef = E2949FB42A3DE873000669C2 /* Color+GaryDit.swift */; };
		E2949FB72A3F11F6000669C2 /* NavigationRoot.swift in Sources */ = {isa = PBXBuildFile; fileRef = E2949FB62A3F11F6000669C2 /* NavigationRoot.swift */; };
		E2949FB92A3F1AFF000669C2 /* PostsPage.swift in Sources */ = {isa = PBXBuildFile; fileRef = E2949FB82A3F1AFF000669C2 /* PostsPage.swift */; };
		E2949FBB2A3F1C05000669C2 /* SubredditService.swift in Sources */ = {isa = PBXBuildFile; fileRef = E2949FBA2A3F1C05000669C2 /* SubredditService.swift */; };
		E2949FBD2A3F1D15000669C2 /* SubredditResponse.swift in Sources */ = {isa = PBXBuildFile; fileRef = E2949FBC2A3F1D15000669C2 /* SubredditResponse.swift */; };
		E2949FC02A3F2951000669C2 /* OnTypeMismatchWrappers.swift in Sources */ = {isa = PBXBuildFile; fileRef = E2949FBF2A3F2951000669C2 /* OnTypeMismatchWrappers.swift */; };
		E2949FC32A3F2C70000669C2 /* PostView.swift in Sources */ = {isa = PBXBuildFile; fileRef = E2949FC22A3F2C70000669C2 /* PostView.swift */; };
		E2949FC62A409EE0000669C2 /* ShimViewController.swift in Sources */ = {isa = PBXBuildFile; fileRef = E2949FC52A409EE0000669C2 /* ShimViewController.swift */; };
		E2949FC82A40C054000669C2 /* Int+GaryDit.swift in Sources */ = {isa = PBXBuildFile; fileRef = E2949FC72A40C054000669C2 /* Int+GaryDit.swift */; };
		E2949FCA2A40C084000669C2 /* Double+GaryDit.swift in Sources */ = {isa = PBXBuildFile; fileRef = E2949FC92A40C084000669C2 /* Double+GaryDit.swift */; };
		E2949FCF2A40CDD5000669C2 /* URL+GaryDit.swift in Sources */ = {isa = PBXBuildFile; fileRef = E2949FCE2A40CDD5000669C2 /* URL+GaryDit.swift */; };
		E2949FD22A40CF75000669C2 /* RedditPostViewModel.swift in Sources */ = {isa = PBXBuildFile; fileRef = E2949FD12A40CF75000669C2 /* RedditPostViewModel.swift */; };
		E2A1899E2A423C1000BE1E59 /* LinkView.swift in Sources */ = {isa = PBXBuildFile; fileRef = E2A1899D2A423C1000BE1E59 /* LinkView.swift */; };
		E2A189A12A425F1900BE1E59 /* FLAnimatedImage in Frameworks */ = {isa = PBXBuildFile; productRef = E2A189A02A425F1900BE1E59 /* FLAnimatedImage */; };
		E2A189A42A425F3800BE1E59 /* GIFView.swift in Sources */ = {isa = PBXBuildFile; fileRef = E2A189A32A425F3800BE1E59 /* GIFView.swift */; };
		E2A293E32A5EBF77009052C3 /* ZoomableScrollView.swift in Sources */ = {isa = PBXBuildFile; fileRef = E2A293E22A5EBF77009052C3 /* ZoomableScrollView.swift */; };
		E2C1F7572A5B6D3300384A64 /* BackgroundCleanerView.swift in Sources */ = {isa = PBXBuildFile; fileRef = E2C1F7562A5B6D3300384A64 /* BackgroundCleanerView.swift */; };
		E2D098942A58602700D05D13 /* Post.swift in Sources */ = {isa = PBXBuildFile; fileRef = E2D098932A58602700D05D13 /* Post.swift */; };
		E2D098962A5860DB00D05D13 /* PostFlags.swift in Sources */ = {isa = PBXBuildFile; fileRef = E2D098952A5860DB00D05D13 /* PostFlags.swift */; };
		E2D098982A58617000D05D13 /* PostContent.swift in Sources */ = {isa = PBXBuildFile; fileRef = E2D098972A58617000D05D13 /* PostContent.swift */; };
		E2D0989A2A586ADA00D05D13 /* Date+GaryDit.swift in Sources */ = {isa = PBXBuildFile; fileRef = E2D098992A586ADA00D05D13 /* Date+GaryDit.swift */; };
		E2D0989C2A59AF2300D05D13 /* PostMediaPreviews.swift in Sources */ = {isa = PBXBuildFile; fileRef = E2D0989B2A59AF2300D05D13 /* PostMediaPreviews.swift */; };
/* End PBXBuildFile section */

/* Begin PBXContainerItemProxy section */
		E26988A32A3D0AA1004DE85B /* PBXContainerItemProxy */ = {
			isa = PBXContainerItemProxy;
			containerPortal = E26988862A3D0A9F004DE85B /* Project object */;
			proxyType = 1;
			remoteGlobalIDString = E269888D2A3D0A9F004DE85B;
			remoteInfo = GaryDit;
		};
		E26988AD2A3D0AA1004DE85B /* PBXContainerItemProxy */ = {
			isa = PBXContainerItemProxy;
			containerPortal = E26988862A3D0A9F004DE85B /* Project object */;
			proxyType = 1;
			remoteGlobalIDString = E269888D2A3D0A9F004DE85B;
			remoteInfo = GaryDit;
		};
/* End PBXContainerItemProxy section */

/* Begin PBXFileReference section */
		E21290262A5F55DC007D9068 /* MediaControls.swift */ = {isa = PBXFileReference; lastKnownFileType = sourcecode.swift; path = MediaControls.swift; sourceTree = "<group>"; };
		E212902A2A6057C8007D9068 /* VideoPlayerViewModel.swift */ = {isa = PBXFileReference; lastKnownFileType = sourcecode.swift; path = VideoPlayerViewModel.swift; sourceTree = "<group>"; };
		E21D05162A73F89A00CEF29C /* GlobalStoreViewModel.swift */ = {isa = PBXFileReference; lastKnownFileType = sourcecode.swift; path = GlobalStoreViewModel.swift; sourceTree = "<group>"; };
		E21D05182A73FD6A00CEF29C /* PostPage.swift */ = {isa = PBXFileReference; lastKnownFileType = sourcecode.swift; path = PostPage.swift; sourceTree = "<group>"; };
		E221C3AD2A63E3A900EBFC51 /* HapticService.swift */ = {isa = PBXFileReference; lastKnownFileType = sourcecode.swift; path = HapticService.swift; sourceTree = "<group>"; };
		E221C3AF2A63F2FD00EBFC51 /* String+GaryDit.swift */ = {isa = PBXFileReference; lastKnownFileType = sourcecode.swift; path = "String+GaryDit.swift"; sourceTree = "<group>"; };
		E23C853A2A5087A20070F81D /* SubredditViewModel.swift */ = {isa = PBXFileReference; lastKnownFileType = sourcecode.swift; path = SubredditViewModel.swift; sourceTree = "<group>"; };
		E23C853C2A508EE10070F81D /* LogService.swift */ = {isa = PBXFileReference; lastKnownFileType = sourcecode.swift; path = LogService.swift; sourceTree = "<group>"; };
		E23C85402A5188E50070F81D /* CacheService.swift */ = {isa = PBXFileReference; lastKnownFileType = sourcecode.swift; path = CacheService.swift; sourceTree = "<group>"; };
		E23C85422A51B8E70070F81D /* NoMorePostsView.swift */ = {isa = PBXFileReference; lastKnownFileType = sourcecode.swift; path = NoMorePostsView.swift; sourceTree = "<group>"; };
		E23EE10D2A43B3D900E03A45 /* VideoView.swift */ = {isa = PBXFileReference; lastKnownFileType = sourcecode.swift; path = VideoView.swift; sourceTree = "<group>"; };
		E240D17A2A65C6DC00B5EED5 /* GlobalCaches.swift */ = {isa = PBXFileReference; lastKnownFileType = sourcecode.swift; path = GlobalCaches.swift; sourceTree = "<group>"; };
		E240D17C2A6BF8B700B5EED5 /* MediaGalleryViewModel.swift */ = {isa = PBXFileReference; lastKnownFileType = sourcecode.swift; path = MediaGalleryViewModel.swift; sourceTree = "<group>"; };
		E240D17E2A6C929900B5EED5 /* MediaOverlayBar.swift */ = {isa = PBXFileReference; lastKnownFileType = sourcecode.swift; path = MediaOverlayBar.swift; sourceTree = "<group>"; };
		E258D8112A59DA1A001D493D /* CachedImage.swift */ = {isa = PBXFileReference; lastKnownFileType = sourcecode.swift; path = CachedImage.swift; sourceTree = "<group>"; };
		E258D8172A5AECC6001D493D /* Local.xcconfig */ = {isa = PBXFileReference; lastKnownFileType = text.xcconfig; path = Local.xcconfig; sourceTree = "<group>"; };
		E258D8192A5AEE81001D493D /* Development.xcconfig */ = {isa = PBXFileReference; lastKnownFileType = text.xcconfig; path = Development.xcconfig; sourceTree = "<group>"; };
		E258D81A2A5AEE8B001D493D /* Release.xcconfig */ = {isa = PBXFileReference; lastKnownFileType = text.xcconfig; path = Release.xcconfig; sourceTree = "<group>"; };
		E267458E2A614E06009D3F82 /* Collection+GaryDit.swift */ = {isa = PBXFileReference; lastKnownFileType = sourcecode.swift; path = "Collection+GaryDit.swift"; sourceTree = "<group>"; };
		E26745902A6153DD009D3F82 /* Binding+GaryDit.swift */ = {isa = PBXFileReference; lastKnownFileType = sourcecode.swift; path = "Binding+GaryDit.swift"; sourceTree = "<group>"; };
		E269888E2A3D0A9F004DE85B /* GaryDit.app */ = {isa = PBXFileReference; explicitFileType = wrapper.application; includeInIndex = 0; path = GaryDit.app; sourceTree = BUILT_PRODUCTS_DIR; };
		E26988912A3D0A9F004DE85B /* GaryDitApp.swift */ = {isa = PBXFileReference; lastKnownFileType = sourcecode.swift; path = GaryDitApp.swift; sourceTree = "<group>"; };
		E26988952A3D0A9F004DE85B /* ContentView.swift */ = {isa = PBXFileReference; lastKnownFileType = sourcecode.swift; path = ContentView.swift; sourceTree = "<group>"; };
		E26988972A3D0AA1004DE85B /* Assets.xcassets */ = {isa = PBXFileReference; lastKnownFileType = folder.assetcatalog; path = Assets.xcassets; sourceTree = "<group>"; };
		E26988992A3D0AA1004DE85B /* GaryDit.entitlements */ = {isa = PBXFileReference; lastKnownFileType = text.plist.entitlements; path = GaryDit.entitlements; sourceTree = "<group>"; };
		E269889B2A3D0AA1004DE85B /* Preview Assets.xcassets */ = {isa = PBXFileReference; lastKnownFileType = folder.assetcatalog; path = "Preview Assets.xcassets"; sourceTree = "<group>"; };
		E269889D2A3D0AA1004DE85B /* Info.plist */ = {isa = PBXFileReference; lastKnownFileType = text.plist.xml; path = Info.plist; sourceTree = "<group>"; };
		E26988A22A3D0AA1004DE85B /* GaryDitTests.xctest */ = {isa = PBXFileReference; explicitFileType = wrapper.cfbundle; includeInIndex = 0; path = GaryDitTests.xctest; sourceTree = BUILT_PRODUCTS_DIR; };
		E26988A62A3D0AA1004DE85B /* GaryDitTests.swift */ = {isa = PBXFileReference; lastKnownFileType = sourcecode.swift; path = GaryDitTests.swift; sourceTree = "<group>"; };
		E26988AC2A3D0AA1004DE85B /* GaryDitUITests.xctest */ = {isa = PBXFileReference; explicitFileType = wrapper.cfbundle; includeInIndex = 0; path = GaryDitUITests.xctest; sourceTree = BUILT_PRODUCTS_DIR; };
		E26988B02A3D0AA1004DE85B /* GaryDitUITests.swift */ = {isa = PBXFileReference; lastKnownFileType = sourcecode.swift; path = GaryDitUITests.swift; sourceTree = "<group>"; };
		E26988B22A3D0AA1004DE85B /* GaryDitUITestsLaunchTests.swift */ = {isa = PBXFileReference; lastKnownFileType = sourcecode.swift; path = GaryDitUITestsLaunchTests.swift; sourceTree = "<group>"; };
		E26988C42A3D0F2E004DE85B /* LandingPage.swift */ = {isa = PBXFileReference; lastKnownFileType = sourcecode.swift; path = LandingPage.swift; sourceTree = "<group>"; };
		E26988CB2A3D169E004DE85B /* LottieView.swift */ = {isa = PBXFileReference; lastKnownFileType = sourcecode.swift; path = LottieView.swift; sourceTree = "<group>"; };
		E26988CF2A3D17AA004DE85B /* sloth.json */ = {isa = PBXFileReference; fileEncoding = 4; lastKnownFileType = text.json; path = sloth.json; sourceTree = "<group>"; };
		E26988D62A3DA7E9004DE85B /* OAuthResponse.swift */ = {isa = PBXFileReference; lastKnownFileType = sourcecode.swift; path = OAuthResponse.swift; sourceTree = "<group>"; };
		E26988DC2A3DB53D004DE85B /* Codable+GaryDit.swift */ = {isa = PBXFileReference; lastKnownFileType = sourcecode.swift; path = "Codable+GaryDit.swift"; sourceTree = "<group>"; };
		E27479E62A6454A3002A0483 /* NotificationCenter+GaryDit.swift */ = {isa = PBXFileReference; lastKnownFileType = sourcecode.swift; path = "NotificationCenter+GaryDit.swift"; sourceTree = "<group>"; };
		E27AC2792A5B231E000B8737 /* DistinguishmentType.swift */ = {isa = PBXFileReference; lastKnownFileType = sourcecode.swift; path = DistinguishmentType.swift; sourceTree = "<group>"; };
		E27AC27B2A5B4D8B000B8737 /* MediaGalleryView.swift */ = {isa = PBXFileReference; lastKnownFileType = sourcecode.swift; path = MediaGalleryView.swift; sourceTree = "<group>"; };
		E2949FA02A3DBA1E000669C2 /* AuthManager.swift */ = {isa = PBXFileReference; lastKnownFileType = sourcecode.swift; path = AuthManager.swift; sourceTree = "<group>"; };
		E2949FA32A3DBAEF000669C2 /* AuthError.swift */ = {isa = PBXFileReference; lastKnownFileType = sourcecode.swift; path = AuthError.swift; sourceTree = "<group>"; };
		E2949FA52A3DBB1F000669C2 /* AuthToken.swift */ = {isa = PBXFileReference; lastKnownFileType = sourcecode.swift; path = AuthToken.swift; sourceTree = "<group>"; };
		E2949FA92A3DBF97000669C2 /* APIClient.swift */ = {isa = PBXFileReference; lastKnownFileType = sourcecode.swift; path = APIClient.swift; sourceTree = "<group>"; };
		E2949FAB2A3DC8A3000669C2 /* KeychainManager.swift */ = {isa = PBXFileReference; lastKnownFileType = sourcecode.swift; path = KeychainManager.swift; sourceTree = "<group>"; };
		E2949FAD2A3DDA4A000669C2 /* HomePage.swift */ = {isa = PBXFileReference; lastKnownFileType = sourcecode.swift; path = HomePage.swift; sourceTree = "<group>"; };
		E2949FB02A3DE06C000669C2 /* UserService.swift */ = {isa = PBXFileReference; lastKnownFileType = sourcecode.swift; path = UserService.swift; sourceTree = "<group>"; };
		E2949FB22A3DE3F7000669C2 /* User.swift */ = {isa = PBXFileReference; lastKnownFileType = sourcecode.swift; path = User.swift; sourceTree = "<group>"; };
		E2949FB42A3DE873000669C2 /* Color+GaryDit.swift */ = {isa = PBXFileReference; lastKnownFileType = sourcecode.swift; path = "Color+GaryDit.swift"; sourceTree = "<group>"; };
		E2949FB62A3F11F6000669C2 /* NavigationRoot.swift */ = {isa = PBXFileReference; lastKnownFileType = sourcecode.swift; path = NavigationRoot.swift; sourceTree = "<group>"; };
		E2949FB82A3F1AFF000669C2 /* PostsPage.swift */ = {isa = PBXFileReference; lastKnownFileType = sourcecode.swift; path = PostsPage.swift; sourceTree = "<group>"; };
		E2949FBA2A3F1C05000669C2 /* SubredditService.swift */ = {isa = PBXFileReference; lastKnownFileType = sourcecode.swift; path = SubredditService.swift; sourceTree = "<group>"; };
		E2949FBC2A3F1D15000669C2 /* SubredditResponse.swift */ = {isa = PBXFileReference; lastKnownFileType = sourcecode.swift; path = SubredditResponse.swift; sourceTree = "<group>"; };
		E2949FBF2A3F2951000669C2 /* OnTypeMismatchWrappers.swift */ = {isa = PBXFileReference; lastKnownFileType = sourcecode.swift; path = OnTypeMismatchWrappers.swift; sourceTree = "<group>"; };
		E2949FC22A3F2C70000669C2 /* PostView.swift */ = {isa = PBXFileReference; lastKnownFileType = sourcecode.swift; path = PostView.swift; sourceTree = "<group>"; };
		E2949FC52A409EE0000669C2 /* ShimViewController.swift */ = {isa = PBXFileReference; lastKnownFileType = sourcecode.swift; path = ShimViewController.swift; sourceTree = "<group>"; };
		E2949FC72A40C054000669C2 /* Int+GaryDit.swift */ = {isa = PBXFileReference; lastKnownFileType = sourcecode.swift; path = "Int+GaryDit.swift"; sourceTree = "<group>"; };
		E2949FC92A40C084000669C2 /* Double+GaryDit.swift */ = {isa = PBXFileReference; lastKnownFileType = sourcecode.swift; path = "Double+GaryDit.swift"; sourceTree = "<group>"; };
		E2949FCE2A40CDD5000669C2 /* URL+GaryDit.swift */ = {isa = PBXFileReference; lastKnownFileType = sourcecode.swift; path = "URL+GaryDit.swift"; sourceTree = "<group>"; };
		E2949FD12A40CF75000669C2 /* RedditPostViewModel.swift */ = {isa = PBXFileReference; lastKnownFileType = sourcecode.swift; path = RedditPostViewModel.swift; sourceTree = "<group>"; };
		E2A1899D2A423C1000BE1E59 /* LinkView.swift */ = {isa = PBXFileReference; lastKnownFileType = sourcecode.swift; path = LinkView.swift; sourceTree = "<group>"; };
		E2A189A32A425F3800BE1E59 /* GIFView.swift */ = {isa = PBXFileReference; lastKnownFileType = sourcecode.swift; path = GIFView.swift; sourceTree = "<group>"; };
		E2A293E22A5EBF77009052C3 /* ZoomableScrollView.swift */ = {isa = PBXFileReference; lastKnownFileType = sourcecode.swift; path = ZoomableScrollView.swift; sourceTree = "<group>"; };
		E2C1F7562A5B6D3300384A64 /* BackgroundCleanerView.swift */ = {isa = PBXFileReference; lastKnownFileType = sourcecode.swift; path = BackgroundCleanerView.swift; sourceTree = "<group>"; };
		E2D098932A58602700D05D13 /* Post.swift */ = {isa = PBXFileReference; lastKnownFileType = sourcecode.swift; path = Post.swift; sourceTree = "<group>"; };
		E2D098952A5860DB00D05D13 /* PostFlags.swift */ = {isa = PBXFileReference; lastKnownFileType = sourcecode.swift; path = PostFlags.swift; sourceTree = "<group>"; };
		E2D098972A58617000D05D13 /* PostContent.swift */ = {isa = PBXFileReference; lastKnownFileType = sourcecode.swift; path = PostContent.swift; sourceTree = "<group>"; };
		E2D098992A586ADA00D05D13 /* Date+GaryDit.swift */ = {isa = PBXFileReference; lastKnownFileType = sourcecode.swift; path = "Date+GaryDit.swift"; sourceTree = "<group>"; };
		E2D0989B2A59AF2300D05D13 /* PostMediaPreviews.swift */ = {isa = PBXFileReference; lastKnownFileType = sourcecode.swift; path = PostMediaPreviews.swift; sourceTree = "<group>"; };
/* End PBXFileReference section */

/* Begin PBXFrameworksBuildPhase section */
		E269888B2A3D0A9F004DE85B /* Frameworks */ = {
			isa = PBXFrameworksBuildPhase;
			buildActionMask = 2147483647;
			files = (
				E2A189A12A425F1900BE1E59 /* FLAnimatedImage in Frameworks */,
				E26988C22A3D0BED004DE85B /* OAuthSwift in Frameworks */,
				E26988C82A3D1604004DE85B /* Lottie in Frameworks */,
				E260D5852A485BF600A60839 /* VideoPlayer in Frameworks */,
			);
			runOnlyForDeploymentPostprocessing = 0;
		};
		E269889F2A3D0AA1004DE85B /* Frameworks */ = {
			isa = PBXFrameworksBuildPhase;
			buildActionMask = 2147483647;
			files = (
			);
			runOnlyForDeploymentPostprocessing = 0;
		};
		E26988A92A3D0AA1004DE85B /* Frameworks */ = {
			isa = PBXFrameworksBuildPhase;
			buildActionMask = 2147483647;
			files = (
			);
			runOnlyForDeploymentPostprocessing = 0;
		};
/* End PBXFrameworksBuildPhase section */

/* Begin PBXGroup section */
		E26988852A3D0A9F004DE85B = {
			isa = PBXGroup;
			children = (
				E26988902A3D0A9F004DE85B /* GaryDit */,
				E26988A52A3D0AA1004DE85B /* GaryDitTests */,
				E26988AF2A3D0AA1004DE85B /* GaryDitUITests */,
				E269888F2A3D0A9F004DE85B /* Products */,
			);
			sourceTree = "<group>";
		};
		E269888F2A3D0A9F004DE85B /* Products */ = {
			isa = PBXGroup;
			children = (
				E269888E2A3D0A9F004DE85B /* GaryDit.app */,
				E26988A22A3D0AA1004DE85B /* GaryDitTests.xctest */,
				E26988AC2A3D0AA1004DE85B /* GaryDitUITests.xctest */,
			);
			name = Products;
			sourceTree = "<group>";
		};
		E26988902A3D0A9F004DE85B /* GaryDit */ = {
			isa = PBXGroup;
			children = (
				E26988BF2A3D0AEB004DE85B /* App */,
				E26988D42A3DA7D9004DE85B /* Models */,
				E26988D12A3D188C004DE85B /* Services */,
				E26988C92A3D1689004DE85B /* Views */,
				E2949FD02A40CF69000669C2 /* ViewModels */,
				E26988C32A3D0F1A004DE85B /* Pages */,
				E26988992A3D0AA1004DE85B /* GaryDit.entitlements */,
				E26988DB2A3DB51F004DE85B /* Extensions */,
				E269889A2A3D0AA1004DE85B /* Preview Content */,
				E258D8172A5AECC6001D493D /* Local.xcconfig */,
				E258D8192A5AEE81001D493D /* Development.xcconfig */,
				E258D81A2A5AEE8B001D493D /* Release.xcconfig */,
			);
			path = GaryDit;
			sourceTree = "<group>";
		};
		E269889A2A3D0AA1004DE85B /* Preview Content */ = {
			isa = PBXGroup;
			children = (
				E269889B2A3D0AA1004DE85B /* Preview Assets.xcassets */,
			);
			path = "Preview Content";
			sourceTree = "<group>";
		};
		E26988A52A3D0AA1004DE85B /* GaryDitTests */ = {
			isa = PBXGroup;
			children = (
				E26988A62A3D0AA1004DE85B /* GaryDitTests.swift */,
			);
			path = GaryDitTests;
			sourceTree = "<group>";
		};
		E26988AF2A3D0AA1004DE85B /* GaryDitUITests */ = {
			isa = PBXGroup;
			children = (
				E26988B02A3D0AA1004DE85B /* GaryDitUITests.swift */,
				E26988B22A3D0AA1004DE85B /* GaryDitUITestsLaunchTests.swift */,
			);
			path = GaryDitUITests;
			sourceTree = "<group>";
		};
		E26988BF2A3D0AEB004DE85B /* App */ = {
			isa = PBXGroup;
			children = (
				E26988952A3D0A9F004DE85B /* ContentView.swift */,
				E26988CD2A3D177F004DE85B /* Assets */,
				E26988972A3D0AA1004DE85B /* Assets.xcassets */,
				E269889D2A3D0AA1004DE85B /* Info.plist */,
				E26988912A3D0A9F004DE85B /* GaryDitApp.swift */,
				E240D17A2A65C6DC00B5EED5 /* GlobalCaches.swift */,
			);
			path = App;
			sourceTree = "<group>";
		};
		E26988C32A3D0F1A004DE85B /* Pages */ = {
			isa = PBXGroup;
			children = (
				E26988C42A3D0F2E004DE85B /* LandingPage.swift */,
				E2949FAD2A3DDA4A000669C2 /* HomePage.swift */,
				E2949FB62A3F11F6000669C2 /* NavigationRoot.swift */,
				E2949FB82A3F1AFF000669C2 /* PostsPage.swift */,
				E21D05182A73FD6A00CEF29C /* PostPage.swift */,
			);
			path = Pages;
			sourceTree = "<group>";
		};
		E26988C92A3D1689004DE85B /* Views */ = {
			isa = PBXGroup;
			children = (
				E2A189A22A425F3000BE1E59 /* Media */,
				E2949FCB2A40CD1A000669C2 /* Link */,
				E2949FC12A3F2C67000669C2 /* Posts */,
				E26988CA2A3D1694004DE85B /* Misc */,
			);
			path = Views;
			sourceTree = "<group>";
		};
		E26988CA2A3D1694004DE85B /* Misc */ = {
			isa = PBXGroup;
			children = (
				E26988CB2A3D169E004DE85B /* LottieView.swift */,
				E2C1F7562A5B6D3300384A64 /* BackgroundCleanerView.swift */,
				E2A293E22A5EBF77009052C3 /* ZoomableScrollView.swift */,
			);
			path = Misc;
			sourceTree = "<group>";
		};
		E26988CD2A3D177F004DE85B /* Assets */ = {
			isa = PBXGroup;
			children = (
				E26988CE2A3D1785004DE85B /* Lottie */,
			);
			path = Assets;
			sourceTree = "<group>";
		};
		E26988CE2A3D1785004DE85B /* Lottie */ = {
			isa = PBXGroup;
			children = (
				E26988CF2A3D17AA004DE85B /* sloth.json */,
			);
			path = Lottie;
			sourceTree = "<group>";
		};
		E26988D12A3D188C004DE85B /* Services */ = {
			isa = PBXGroup;
			children = (
				E2949F9F2A3DBA13000669C2 /* Auth */,
				E2949FB02A3DE06C000669C2 /* UserService.swift */,
				E2949FBA2A3F1C05000669C2 /* SubredditService.swift */,
				E23C853C2A508EE10070F81D /* LogService.swift */,
				E23C85402A5188E50070F81D /* CacheService.swift */,
				E221C3AD2A63E3A900EBFC51 /* HapticService.swift */,
			);
			path = Services;
			sourceTree = "<group>";
		};
		E26988D42A3DA7D9004DE85B /* Models */ = {
			isa = PBXGroup;
			children = (
				E26988D52A3DA7DE004DE85B /* Auth */,
				E2949FB22A3DE3F7000669C2 /* User.swift */,
				E2949FBC2A3F1D15000669C2 /* SubredditResponse.swift */,
				E2D098932A58602700D05D13 /* Post.swift */,
				E2D098952A5860DB00D05D13 /* PostFlags.swift */,
				E2D098972A58617000D05D13 /* PostContent.swift */,
				E27AC2792A5B231E000B8737 /* DistinguishmentType.swift */,
			);
			path = Models;
			sourceTree = "<group>";
		};
		E26988D52A3DA7DE004DE85B /* Auth */ = {
			isa = PBXGroup;
			children = (
				E26988D62A3DA7E9004DE85B /* OAuthResponse.swift */,
				E2949FA52A3DBB1F000669C2 /* AuthToken.swift */,
			);
			path = Auth;
			sourceTree = "<group>";
		};
		E26988DB2A3DB51F004DE85B /* Extensions */ = {
			isa = PBXGroup;
			children = (
				E2949FC42A409ED4000669C2 /* Auth */,
				E2949FBE2A3F293F000669C2 /* Property wrappers */,
				E2949FA22A3DBAE6000669C2 /* Errors */,
				E26988DC2A3DB53D004DE85B /* Codable+GaryDit.swift */,
				E2949FB42A3DE873000669C2 /* Color+GaryDit.swift */,
				E2949FC72A40C054000669C2 /* Int+GaryDit.swift */,
				E2949FC92A40C084000669C2 /* Double+GaryDit.swift */,
				E2949FCE2A40CDD5000669C2 /* URL+GaryDit.swift */,
				E2D098992A586ADA00D05D13 /* Date+GaryDit.swift */,
				E267458E2A614E06009D3F82 /* Collection+GaryDit.swift */,
				E26745902A6153DD009D3F82 /* Binding+GaryDit.swift */,
				E221C3AF2A63F2FD00EBFC51 /* String+GaryDit.swift */,
				E27479E62A6454A3002A0483 /* NotificationCenter+GaryDit.swift */,
			);
			path = Extensions;
			sourceTree = "<group>";
		};
		E2949F9F2A3DBA13000669C2 /* Auth */ = {
			isa = PBXGroup;
			children = (
				E2949FA02A3DBA1E000669C2 /* AuthManager.swift */,
				E2949FA92A3DBF97000669C2 /* APIClient.swift */,
				E2949FAB2A3DC8A3000669C2 /* KeychainManager.swift */,
			);
			path = Auth;
			sourceTree = "<group>";
		};
		E2949FA22A3DBAE6000669C2 /* Errors */ = {
			isa = PBXGroup;
			children = (
				E2949FA32A3DBAEF000669C2 /* AuthError.swift */,
			);
			path = Errors;
			sourceTree = "<group>";
		};
		E2949FBE2A3F293F000669C2 /* Property wrappers */ = {
			isa = PBXGroup;
			children = (
				E2949FBF2A3F2951000669C2 /* OnTypeMismatchWrappers.swift */,
			);
			path = "Property wrappers";
			sourceTree = "<group>";
		};
		E2949FC12A3F2C67000669C2 /* Posts */ = {
			isa = PBXGroup;
			children = (
				E2949FC22A3F2C70000669C2 /* PostView.swift */,
				E23C85422A51B8E70070F81D /* NoMorePostsView.swift */,
				E2D0989B2A59AF2300D05D13 /* PostMediaPreviews.swift */,
			);
			path = Posts;
			sourceTree = "<group>";
		};
		E2949FC42A409ED4000669C2 /* Auth */ = {
			isa = PBXGroup;
			children = (
				E2949FC52A409EE0000669C2 /* ShimViewController.swift */,
			);
			path = Auth;
			sourceTree = "<group>";
		};
		E2949FCB2A40CD1A000669C2 /* Link */ = {
			isa = PBXGroup;
			children = (
				E2A1899D2A423C1000BE1E59 /* LinkView.swift */,
			);
			path = Link;
			sourceTree = "<group>";
		};
		E2949FD02A40CF69000669C2 /* ViewModels */ = {
			isa = PBXGroup;
			children = (
				E2949FD12A40CF75000669C2 /* RedditPostViewModel.swift */,
				E23C853A2A5087A20070F81D /* SubredditViewModel.swift */,
				E212902A2A6057C8007D9068 /* VideoPlayerViewModel.swift */,
				E240D17C2A6BF8B700B5EED5 /* MediaGalleryViewModel.swift */,
				E21D05162A73F89A00CEF29C /* GlobalStoreViewModel.swift */,
			);
			path = ViewModels;
			sourceTree = "<group>";
		};
		E2A189A22A425F3000BE1E59 /* Media */ = {
			isa = PBXGroup;
			children = (
				E2A189A32A425F3800BE1E59 /* GIFView.swift */,
				E23EE10D2A43B3D900E03A45 /* VideoView.swift */,
				E258D8112A59DA1A001D493D /* CachedImage.swift */,
				E27AC27B2A5B4D8B000B8737 /* MediaGalleryView.swift */,
				E21290262A5F55DC007D9068 /* MediaControls.swift */,
				E240D17E2A6C929900B5EED5 /* MediaOverlayBar.swift */,
			);
			path = Media;
			sourceTree = "<group>";
		};
/* End PBXGroup section */

/* Begin PBXNativeTarget section */
		E269888D2A3D0A9F004DE85B /* GaryDit */ = {
			isa = PBXNativeTarget;
			buildConfigurationList = E26988B62A3D0AA1004DE85B /* Build configuration list for PBXNativeTarget "GaryDit" */;
			buildPhases = (
				E269888A2A3D0A9F004DE85B /* Sources */,
				E269888B2A3D0A9F004DE85B /* Frameworks */,
				E269888C2A3D0A9F004DE85B /* Resources */,
			);
			buildRules = (
			);
			dependencies = (
			);
			name = GaryDit;
			packageProductDependencies = (
				E26988C12A3D0BED004DE85B /* OAuthSwift */,
				E26988C72A3D1604004DE85B /* Lottie */,
				E2A189A02A425F1900BE1E59 /* FLAnimatedImage */,
				E260D5842A485BF600A60839 /* VideoPlayer */,
			);
			productName = GaryDit;
			productReference = E269888E2A3D0A9F004DE85B /* GaryDit.app */;
			productType = "com.apple.product-type.application";
		};
		E26988A12A3D0AA1004DE85B /* GaryDitTests */ = {
			isa = PBXNativeTarget;
			buildConfigurationList = E26988B92A3D0AA1004DE85B /* Build configuration list for PBXNativeTarget "GaryDitTests" */;
			buildPhases = (
				E269889E2A3D0AA1004DE85B /* Sources */,
				E269889F2A3D0AA1004DE85B /* Frameworks */,
				E26988A02A3D0AA1004DE85B /* Resources */,
			);
			buildRules = (
			);
			dependencies = (
				E26988A42A3D0AA1004DE85B /* PBXTargetDependency */,
			);
			name = GaryDitTests;
			productName = GaryDitTests;
			productReference = E26988A22A3D0AA1004DE85B /* GaryDitTests.xctest */;
			productType = "com.apple.product-type.bundle.unit-test";
		};
		E26988AB2A3D0AA1004DE85B /* GaryDitUITests */ = {
			isa = PBXNativeTarget;
			buildConfigurationList = E26988BC2A3D0AA1004DE85B /* Build configuration list for PBXNativeTarget "GaryDitUITests" */;
			buildPhases = (
				E26988A82A3D0AA1004DE85B /* Sources */,
				E26988A92A3D0AA1004DE85B /* Frameworks */,
				E26988AA2A3D0AA1004DE85B /* Resources */,
			);
			buildRules = (
			);
			dependencies = (
				E26988AE2A3D0AA1004DE85B /* PBXTargetDependency */,
			);
			name = GaryDitUITests;
			productName = GaryDitUITests;
			productReference = E26988AC2A3D0AA1004DE85B /* GaryDitUITests.xctest */;
			productType = "com.apple.product-type.bundle.ui-testing";
		};
/* End PBXNativeTarget section */

/* Begin PBXProject section */
		E26988862A3D0A9F004DE85B /* Project object */ = {
			isa = PBXProject;
			attributes = {
				BuildIndependentTargetsInParallel = 1;
				LastSwiftUpdateCheck = 1500;
				LastUpgradeCheck = 1500;
				TargetAttributes = {
					E269888D2A3D0A9F004DE85B = {
						CreatedOnToolsVersion = 15.0;
					};
					E26988A12A3D0AA1004DE85B = {
						CreatedOnToolsVersion = 15.0;
						TestTargetID = E269888D2A3D0A9F004DE85B;
					};
					E26988AB2A3D0AA1004DE85B = {
						CreatedOnToolsVersion = 15.0;
						TestTargetID = E269888D2A3D0A9F004DE85B;
					};
				};
			};
			buildConfigurationList = E26988892A3D0A9F004DE85B /* Build configuration list for PBXProject "GaryDit" */;
			compatibilityVersion = "Xcode 14.0";
			developmentRegion = en;
			hasScannedForEncodings = 0;
			knownRegions = (
				en,
				Base,
			);
			mainGroup = E26988852A3D0A9F004DE85B;
			packageReferences = (
				E26988C02A3D0BED004DE85B /* XCRemoteSwiftPackageReference "OAuthSwift" */,
				E26988C62A3D1604004DE85B /* XCRemoteSwiftPackageReference "lottie-spm" */,
				E2A1899F2A425F1900BE1E59 /* XCRemoteSwiftPackageReference "FLAnimatedImage" */,
				E260D5832A485BF600A60839 /* XCRemoteSwiftPackageReference "VideoPlayer" */,
			);
			productRefGroup = E269888F2A3D0A9F004DE85B /* Products */;
			projectDirPath = "";
			projectRoot = "";
			targets = (
				E269888D2A3D0A9F004DE85B /* GaryDit */,
				E26988A12A3D0AA1004DE85B /* GaryDitTests */,
				E26988AB2A3D0AA1004DE85B /* GaryDitUITests */,
			);
		};
/* End PBXProject section */

/* Begin PBXResourcesBuildPhase section */
		E269888C2A3D0A9F004DE85B /* Resources */ = {
			isa = PBXResourcesBuildPhase;
			buildActionMask = 2147483647;
			files = (
				E258D81C2A5AEE96001D493D /* Development.xcconfig in Resources */,
				E258D8182A5AECC6001D493D /* Local.xcconfig in Resources */,
				E269889C2A3D0AA1004DE85B /* Preview Assets.xcassets in Resources */,
				E26988D02A3D17AA004DE85B /* sloth.json in Resources */,
				E26988982A3D0AA1004DE85B /* Assets.xcassets in Resources */,
				E258D81B2A5AEE8B001D493D /* Release.xcconfig in Resources */,
			);
			runOnlyForDeploymentPostprocessing = 0;
		};
		E26988A02A3D0AA1004DE85B /* Resources */ = {
			isa = PBXResourcesBuildPhase;
			buildActionMask = 2147483647;
			files = (
			);
			runOnlyForDeploymentPostprocessing = 0;
		};
		E26988AA2A3D0AA1004DE85B /* Resources */ = {
			isa = PBXResourcesBuildPhase;
			buildActionMask = 2147483647;
			files = (
			);
			runOnlyForDeploymentPostprocessing = 0;
		};
/* End PBXResourcesBuildPhase section */

/* Begin PBXSourcesBuildPhase section */
		E269888A2A3D0A9F004DE85B /* Sources */ = {
			isa = PBXSourcesBuildPhase;
			buildActionMask = 2147483647;
			files = (
				E212902B2A6057C9007D9068 /* VideoPlayerViewModel.swift in Sources */,
				E2949FAC2A3DC8A3000669C2 /* KeychainManager.swift in Sources */,
				E2D0989A2A586ADA00D05D13 /* Date+GaryDit.swift in Sources */,
				E2949FCA2A40C084000669C2 /* Double+GaryDit.swift in Sources */,
				E2949FA12A3DBA1E000669C2 /* AuthManager.swift in Sources */,
				E26988DD2A3DB53D004DE85B /* Codable+GaryDit.swift in Sources */,
				E240D17D2A6BF8B700B5EED5 /* MediaGalleryViewModel.swift in Sources */,
				E27AC27A2A5B231E000B8737 /* DistinguishmentType.swift in Sources */,
				E240D17F2A6C929900B5EED5 /* MediaOverlayBar.swift in Sources */,
				E240D17B2A65C6DC00B5EED5 /* GlobalCaches.swift in Sources */,
				E2949FCF2A40CDD5000669C2 /* URL+GaryDit.swift in Sources */,
				E221C3AE2A63E3A900EBFC51 /* HapticService.swift in Sources */,
				E2949FB72A3F11F6000669C2 /* NavigationRoot.swift in Sources */,
				E26745912A6153DD009D3F82 /* Binding+GaryDit.swift in Sources */,
				E2A293E32A5EBF77009052C3 /* ZoomableScrollView.swift in Sources */,
				E23EE10E2A43B3D900E03A45 /* VideoView.swift in Sources */,
				E26988922A3D0A9F004DE85B /* GaryDitApp.swift in Sources */,
				E23C853B2A5087A20070F81D /* SubredditViewModel.swift in Sources */,
				E23C85412A5188E50070F81D /* CacheService.swift in Sources */,
				E27479E72A6454A3002A0483 /* NotificationCenter+GaryDit.swift in Sources */,
				E2949FBD2A3F1D15000669C2 /* SubredditResponse.swift in Sources */,
				E2949FA42A3DBAEF000669C2 /* AuthError.swift in Sources */,
				E2949FC32A3F2C70000669C2 /* PostView.swift in Sources */,
				E2949FBB2A3F1C05000669C2 /* SubredditService.swift in Sources */,
				E2D0989C2A59AF2300D05D13 /* PostMediaPreviews.swift in Sources */,
				E2949FD22A40CF75000669C2 /* RedditPostViewModel.swift in Sources */,
				E2949FAE2A3DDA4A000669C2 /* HomePage.swift in Sources */,
				E2949FB32A3DE3F7000669C2 /* User.swift in Sources */,
				E2949FB12A3DE06C000669C2 /* UserService.swift in Sources */,
				E2949FC82A40C054000669C2 /* Int+GaryDit.swift in Sources */,
				E26988962A3D0A9F004DE85B /* ContentView.swift in Sources */,
				E2949FC02A3F2951000669C2 /* OnTypeMismatchWrappers.swift in Sources */,
				E2D098942A58602700D05D13 /* Post.swift in Sources */,
				E2949FB92A3F1AFF000669C2 /* PostsPage.swift in Sources */,
				E26988D72A3DA7E9004DE85B /* OAuthResponse.swift in Sources */,
				E2D098962A5860DB00D05D13 /* PostFlags.swift in Sources */,
				E27AC27C2A5B4D8C000B8737 /* MediaGalleryView.swift in Sources */,
				E2949FA62A3DBB1F000669C2 /* AuthToken.swift in Sources */,
				E2949FAA2A3DBF97000669C2 /* APIClient.swift in Sources */,
				E2949FB52A3DE873000669C2 /* Color+GaryDit.swift in Sources */,
				E2949FC62A409EE0000669C2 /* ShimViewController.swift in Sources */,
				E21290272A5F55DC007D9068 /* MediaControls.swift in Sources */,
				E2C1F7572A5B6D3300384A64 /* BackgroundCleanerView.swift in Sources */,
				E26988C52A3D0F2E004DE85B /* LandingPage.swift in Sources */,
				E2A189A42A425F3800BE1E59 /* GIFView.swift in Sources */,
				E2A1899E2A423C1000BE1E59 /* LinkView.swift in Sources */,
				E23C853D2A508EE10070F81D /* LogService.swift in Sources */,
				E2D098982A58617000D05D13 /* PostContent.swift in Sources */,
				E267458F2A614E06009D3F82 /* Collection+GaryDit.swift in Sources */,
				E21D05172A73F89A00CEF29C /* GlobalStoreViewModel.swift in Sources */,
				E21D05192A73FD6A00CEF29C /* PostPage.swift in Sources */,
				E221C3B02A63F2FD00EBFC51 /* String+GaryDit.swift in Sources */,
				E23C85432A51B8E70070F81D /* NoMorePostsView.swift in Sources */,
				E26988CC2A3D169E004DE85B /* LottieView.swift in Sources */,
				E258D8122A59DA1A001D493D /* CachedImage.swift in Sources */,
			);
			runOnlyForDeploymentPostprocessing = 0;
		};
		E269889E2A3D0AA1004DE85B /* Sources */ = {
			isa = PBXSourcesBuildPhase;
			buildActionMask = 2147483647;
			files = (
				E26988A72A3D0AA1004DE85B /* GaryDitTests.swift in Sources */,
			);
			runOnlyForDeploymentPostprocessing = 0;
		};
		E26988A82A3D0AA1004DE85B /* Sources */ = {
			isa = PBXSourcesBuildPhase;
			buildActionMask = 2147483647;
			files = (
				E26988B12A3D0AA1004DE85B /* GaryDitUITests.swift in Sources */,
				E26988B32A3D0AA1004DE85B /* GaryDitUITestsLaunchTests.swift in Sources */,
			);
			runOnlyForDeploymentPostprocessing = 0;
		};
/* End PBXSourcesBuildPhase section */

/* Begin PBXTargetDependency section */
		E26988A42A3D0AA1004DE85B /* PBXTargetDependency */ = {
			isa = PBXTargetDependency;
			target = E269888D2A3D0A9F004DE85B /* GaryDit */;
			targetProxy = E26988A32A3D0AA1004DE85B /* PBXContainerItemProxy */;
		};
		E26988AE2A3D0AA1004DE85B /* PBXTargetDependency */ = {
			isa = PBXTargetDependency;
			target = E269888D2A3D0A9F004DE85B /* GaryDit */;
			targetProxy = E26988AD2A3D0AA1004DE85B /* PBXContainerItemProxy */;
		};
/* End PBXTargetDependency section */

/* Begin XCBuildConfiguration section */
		E258D81D2A5AF125001D493D /* Local */ = {
			isa = XCBuildConfiguration;
			buildSettings = {
				ALWAYS_SEARCH_USER_PATHS = NO;
				ASSETCATALOG_COMPILER_GENERATE_SWIFT_ASSET_SYMBOL_EXTENSIONS = YES;
				CLANG_ANALYZER_NONNULL = YES;
				CLANG_ANALYZER_NUMBER_OBJECT_CONVERSION = YES_AGGRESSIVE;
				CLANG_CXX_LANGUAGE_STANDARD = "gnu++20";
				CLANG_ENABLE_MODULES = YES;
				CLANG_ENABLE_OBJC_ARC = YES;
				CLANG_ENABLE_OBJC_WEAK = YES;
				CLANG_WARN_BLOCK_CAPTURE_AUTORELEASING = YES;
				CLANG_WARN_BOOL_CONVERSION = YES;
				CLANG_WARN_COMMA = YES;
				CLANG_WARN_CONSTANT_CONVERSION = YES;
				CLANG_WARN_DEPRECATED_OBJC_IMPLEMENTATIONS = YES;
				CLANG_WARN_DIRECT_OBJC_ISA_USAGE = YES_ERROR;
				CLANG_WARN_DOCUMENTATION_COMMENTS = YES;
				CLANG_WARN_EMPTY_BODY = YES;
				CLANG_WARN_ENUM_CONVERSION = YES;
				CLANG_WARN_INFINITE_RECURSION = YES;
				CLANG_WARN_INT_CONVERSION = YES;
				CLANG_WARN_NON_LITERAL_NULL_CONVERSION = YES;
				CLANG_WARN_OBJC_IMPLICIT_RETAIN_SELF = YES;
				CLANG_WARN_OBJC_LITERAL_CONVERSION = YES;
				CLANG_WARN_OBJC_ROOT_CLASS = YES_ERROR;
				CLANG_WARN_QUOTED_INCLUDE_IN_FRAMEWORK_HEADER = YES;
				CLANG_WARN_RANGE_LOOP_ANALYSIS = YES;
				CLANG_WARN_STRICT_PROTOTYPES = YES;
				CLANG_WARN_SUSPICIOUS_MOVE = YES;
				CLANG_WARN_UNGUARDED_AVAILABILITY = YES_AGGRESSIVE;
				CLANG_WARN_UNREACHABLE_CODE = YES;
				CLANG_WARN__DUPLICATE_METHOD_MATCH = YES;
				COPY_PHASE_STRIP = NO;
				DEBUG_INFORMATION_FORMAT = dwarf;
				ENABLE_STRICT_OBJC_MSGSEND = YES;
				ENABLE_TESTABILITY = YES;
				ENABLE_USER_SCRIPT_SANDBOXING = YES;
				GCC_C_LANGUAGE_STANDARD = gnu17;
				GCC_DYNAMIC_NO_PIC = NO;
				GCC_NO_COMMON_BLOCKS = YES;
				GCC_OPTIMIZATION_LEVEL = 0;
				GCC_PREPROCESSOR_DEFINITIONS = (
					"DEBUG=1",
					"$(inherited)",
				);
				GCC_WARN_64_TO_32_BIT_CONVERSION = YES;
				GCC_WARN_ABOUT_RETURN_TYPE = YES_ERROR;
				GCC_WARN_UNDECLARED_SELECTOR = YES;
				GCC_WARN_UNINITIALIZED_AUTOS = YES_AGGRESSIVE;
				GCC_WARN_UNUSED_FUNCTION = YES;
				GCC_WARN_UNUSED_VARIABLE = YES;
				LOCALIZATION_PREFERS_STRING_CATALOGS = YES;
				MTL_ENABLE_DEBUG_INFO = INCLUDE_SOURCE;
				MTL_FAST_MATH = YES;
				ONLY_ACTIVE_ARCH = YES;
				SUPPORTED_PLATFORMS = "iphonesimulator iphoneos";
				SWIFT_ACTIVE_COMPILATION_CONDITIONS = "DEBUG $(inherited)";
				SWIFT_OPTIMIZATION_LEVEL = "-Onone";
			};
			name = Local;
		};
		E258D81E2A5AF125001D493D /* Local */ = {
			isa = XCBuildConfiguration;
			baseConfigurationReference = E258D8172A5AECC6001D493D /* Local.xcconfig */;
			buildSettings = {
				ASSETCATALOG_COMPILER_APPICON_NAME = AppIcon;
				ASSETCATALOG_COMPILER_GLOBAL_ACCENT_COLOR_NAME = AccentColor;
				CODE_SIGN_ENTITLEMENTS = GaryDit/GaryDit.entitlements;
				CODE_SIGN_STYLE = Automatic;
				CURRENT_PROJECT_VERSION = 1;
				DEVELOPMENT_ASSET_PATHS = "\"GaryDit/Preview Content\"";
				DEVELOPMENT_TEAM = 8H3J46CN24;
				ENABLE_HARDENED_RUNTIME = YES;
				ENABLE_PREVIEWS = YES;
				GENERATE_INFOPLIST_FILE = YES;
				INFOPLIST_FILE = GaryDit/Info.plist;
				INFOPLIST_KEY_LSApplicationCategoryType = "";
				"INFOPLIST_KEY_UIApplicationSceneManifest_Generation[sdk=iphoneos*]" = YES;
				"INFOPLIST_KEY_UIApplicationSceneManifest_Generation[sdk=iphonesimulator*]" = YES;
				"INFOPLIST_KEY_UIApplicationSupportsIndirectInputEvents[sdk=iphoneos*]" = YES;
				"INFOPLIST_KEY_UIApplicationSupportsIndirectInputEvents[sdk=iphonesimulator*]" = YES;
				"INFOPLIST_KEY_UILaunchScreen_Generation[sdk=iphoneos*]" = YES;
				"INFOPLIST_KEY_UILaunchScreen_Generation[sdk=iphonesimulator*]" = YES;
				"INFOPLIST_KEY_UIStatusBarStyle[sdk=iphoneos*]" = UIStatusBarStyleDefault;
				"INFOPLIST_KEY_UIStatusBarStyle[sdk=iphonesimulator*]" = UIStatusBarStyleDefault;
				INFOPLIST_KEY_UISupportedInterfaceOrientations_iPad = "UIInterfaceOrientationPortrait UIInterfaceOrientationPortraitUpsideDown UIInterfaceOrientationLandscapeLeft UIInterfaceOrientationLandscapeRight";
				INFOPLIST_KEY_UISupportedInterfaceOrientations_iPhone = "UIInterfaceOrientationPortrait UIInterfaceOrientationLandscapeLeft UIInterfaceOrientationLandscapeRight";
				IPHONEOS_DEPLOYMENT_TARGET = 17.0;
				LD_RUNPATH_SEARCH_PATHS = "@executable_path/Frameworks";
				"LD_RUNPATH_SEARCH_PATHS[sdk=macosx*]" = "@executable_path/../Frameworks";
				MACOSX_DEPLOYMENT_TARGET = 14.0;
				MARKETING_VERSION = 1.0;
				PRODUCT_BUNDLE_IDENTIFIER = online.tomk.GaryDit;
				PRODUCT_NAME = "$(TARGET_NAME)";
				SDKROOT = auto;
				SUPPORTED_PLATFORMS = "iphoneos iphonesimulator";
				SUPPORTS_MACCATALYST = NO;
				SWIFT_EMIT_LOC_STRINGS = YES;
				SWIFT_VERSION = 5.0;
				TARGETED_DEVICE_FAMILY = "1,2";
			};
			name = Local;
		};
		E258D81F2A5AF125001D493D /* Local */ = {
			isa = XCBuildConfiguration;
			buildSettings = {
				ALWAYS_EMBED_SWIFT_STANDARD_LIBRARIES = YES;
				BUNDLE_LOADER = "$(TEST_HOST)";
				CODE_SIGN_STYLE = Automatic;
				CURRENT_PROJECT_VERSION = 1;
				DEVELOPMENT_TEAM = 8H3J46CN24;
				GENERATE_INFOPLIST_FILE = YES;
				IPHONEOS_DEPLOYMENT_TARGET = 17.0;
				MACOSX_DEPLOYMENT_TARGET = 13.3;
				MARKETING_VERSION = 1.0;
				PRODUCT_BUNDLE_IDENTIFIER = online.tomk.GaryDitTests;
				PRODUCT_NAME = "$(TARGET_NAME)";
				SDKROOT = auto;
				SUPPORTED_PLATFORMS = "iphoneos iphonesimulator macosx";
				SWIFT_EMIT_LOC_STRINGS = NO;
				SWIFT_VERSION = 5.0;
				TARGETED_DEVICE_FAMILY = "1,2";
				TEST_HOST = "$(BUILT_PRODUCTS_DIR)/GaryDit.app/$(BUNDLE_EXECUTABLE_FOLDER_PATH)/GaryDit";
			};
			name = Local;
		};
		E258D8202A5AF125001D493D /* Local */ = {
			isa = XCBuildConfiguration;
			buildSettings = {
				ALWAYS_EMBED_SWIFT_STANDARD_LIBRARIES = YES;
				CODE_SIGN_STYLE = Automatic;
				CURRENT_PROJECT_VERSION = 1;
				DEVELOPMENT_TEAM = 8H3J46CN24;
				GENERATE_INFOPLIST_FILE = YES;
				IPHONEOS_DEPLOYMENT_TARGET = 17.0;
				MACOSX_DEPLOYMENT_TARGET = 13.3;
				MARKETING_VERSION = 1.0;
				PRODUCT_BUNDLE_IDENTIFIER = online.tomk.GaryDitUITests;
				PRODUCT_NAME = "$(TARGET_NAME)";
				SDKROOT = auto;
				SUPPORTED_PLATFORMS = "iphoneos iphonesimulator macosx";
				SWIFT_EMIT_LOC_STRINGS = NO;
				SWIFT_VERSION = 5.0;
				TARGETED_DEVICE_FAMILY = "1,2";
				TEST_TARGET_NAME = GaryDit;
			};
			name = Local;
		};
		E26988B42A3D0AA1004DE85B /* Debug */ = {
			isa = XCBuildConfiguration;
			buildSettings = {
				ALWAYS_SEARCH_USER_PATHS = NO;
				ASSETCATALOG_COMPILER_GENERATE_SWIFT_ASSET_SYMBOL_EXTENSIONS = YES;
				CLANG_ANALYZER_NONNULL = YES;
				CLANG_ANALYZER_NUMBER_OBJECT_CONVERSION = YES_AGGRESSIVE;
				CLANG_CXX_LANGUAGE_STANDARD = "gnu++20";
				CLANG_ENABLE_MODULES = YES;
				CLANG_ENABLE_OBJC_ARC = YES;
				CLANG_ENABLE_OBJC_WEAK = YES;
				CLANG_WARN_BLOCK_CAPTURE_AUTORELEASING = YES;
				CLANG_WARN_BOOL_CONVERSION = YES;
				CLANG_WARN_COMMA = YES;
				CLANG_WARN_CONSTANT_CONVERSION = YES;
				CLANG_WARN_DEPRECATED_OBJC_IMPLEMENTATIONS = YES;
				CLANG_WARN_DIRECT_OBJC_ISA_USAGE = YES_ERROR;
				CLANG_WARN_DOCUMENTATION_COMMENTS = YES;
				CLANG_WARN_EMPTY_BODY = YES;
				CLANG_WARN_ENUM_CONVERSION = YES;
				CLANG_WARN_INFINITE_RECURSION = YES;
				CLANG_WARN_INT_CONVERSION = YES;
				CLANG_WARN_NON_LITERAL_NULL_CONVERSION = YES;
				CLANG_WARN_OBJC_IMPLICIT_RETAIN_SELF = YES;
				CLANG_WARN_OBJC_LITERAL_CONVERSION = YES;
				CLANG_WARN_OBJC_ROOT_CLASS = YES_ERROR;
				CLANG_WARN_QUOTED_INCLUDE_IN_FRAMEWORK_HEADER = YES;
				CLANG_WARN_RANGE_LOOP_ANALYSIS = YES;
				CLANG_WARN_STRICT_PROTOTYPES = YES;
				CLANG_WARN_SUSPICIOUS_MOVE = YES;
				CLANG_WARN_UNGUARDED_AVAILABILITY = YES_AGGRESSIVE;
				CLANG_WARN_UNREACHABLE_CODE = YES;
				CLANG_WARN__DUPLICATE_METHOD_MATCH = YES;
				COPY_PHASE_STRIP = NO;
				DEBUG_INFORMATION_FORMAT = dwarf;
				ENABLE_STRICT_OBJC_MSGSEND = YES;
				ENABLE_TESTABILITY = YES;
				ENABLE_USER_SCRIPT_SANDBOXING = YES;
				GCC_C_LANGUAGE_STANDARD = gnu17;
				GCC_DYNAMIC_NO_PIC = NO;
				GCC_NO_COMMON_BLOCKS = YES;
				GCC_OPTIMIZATION_LEVEL = 0;
				GCC_PREPROCESSOR_DEFINITIONS = (
					"DEBUG=1",
					"$(inherited)",
				);
				GCC_WARN_64_TO_32_BIT_CONVERSION = YES;
				GCC_WARN_ABOUT_RETURN_TYPE = YES_ERROR;
				GCC_WARN_UNDECLARED_SELECTOR = YES;
				GCC_WARN_UNINITIALIZED_AUTOS = YES_AGGRESSIVE;
				GCC_WARN_UNUSED_FUNCTION = YES;
				GCC_WARN_UNUSED_VARIABLE = YES;
				LOCALIZATION_PREFERS_STRING_CATALOGS = YES;
				MTL_ENABLE_DEBUG_INFO = INCLUDE_SOURCE;
				MTL_FAST_MATH = YES;
				ONLY_ACTIVE_ARCH = YES;
				SUPPORTED_PLATFORMS = "iphonesimulator iphoneos";
				SWIFT_ACTIVE_COMPILATION_CONDITIONS = "DEBUG $(inherited)";
				SWIFT_OPTIMIZATION_LEVEL = "-Onone";
			};
			name = Debug;
		};
		E26988B52A3D0AA1004DE85B /* Release */ = {
			isa = XCBuildConfiguration;
			buildSettings = {
				ALWAYS_SEARCH_USER_PATHS = NO;
				ASSETCATALOG_COMPILER_GENERATE_SWIFT_ASSET_SYMBOL_EXTENSIONS = YES;
				CLANG_ANALYZER_NONNULL = YES;
				CLANG_ANALYZER_NUMBER_OBJECT_CONVERSION = YES_AGGRESSIVE;
				CLANG_CXX_LANGUAGE_STANDARD = "gnu++20";
				CLANG_ENABLE_MODULES = YES;
				CLANG_ENABLE_OBJC_ARC = YES;
				CLANG_ENABLE_OBJC_WEAK = YES;
				CLANG_WARN_BLOCK_CAPTURE_AUTORELEASING = YES;
				CLANG_WARN_BOOL_CONVERSION = YES;
				CLANG_WARN_COMMA = YES;
				CLANG_WARN_CONSTANT_CONVERSION = YES;
				CLANG_WARN_DEPRECATED_OBJC_IMPLEMENTATIONS = YES;
				CLANG_WARN_DIRECT_OBJC_ISA_USAGE = YES_ERROR;
				CLANG_WARN_DOCUMENTATION_COMMENTS = YES;
				CLANG_WARN_EMPTY_BODY = YES;
				CLANG_WARN_ENUM_CONVERSION = YES;
				CLANG_WARN_INFINITE_RECURSION = YES;
				CLANG_WARN_INT_CONVERSION = YES;
				CLANG_WARN_NON_LITERAL_NULL_CONVERSION = YES;
				CLANG_WARN_OBJC_IMPLICIT_RETAIN_SELF = YES;
				CLANG_WARN_OBJC_LITERAL_CONVERSION = YES;
				CLANG_WARN_OBJC_ROOT_CLASS = YES_ERROR;
				CLANG_WARN_QUOTED_INCLUDE_IN_FRAMEWORK_HEADER = YES;
				CLANG_WARN_RANGE_LOOP_ANALYSIS = YES;
				CLANG_WARN_STRICT_PROTOTYPES = YES;
				CLANG_WARN_SUSPICIOUS_MOVE = YES;
				CLANG_WARN_UNGUARDED_AVAILABILITY = YES_AGGRESSIVE;
				CLANG_WARN_UNREACHABLE_CODE = YES;
				CLANG_WARN__DUPLICATE_METHOD_MATCH = YES;
				COPY_PHASE_STRIP = NO;
				DEBUG_INFORMATION_FORMAT = "dwarf-with-dsym";
				ENABLE_NS_ASSERTIONS = NO;
				ENABLE_STRICT_OBJC_MSGSEND = YES;
				ENABLE_USER_SCRIPT_SANDBOXING = YES;
				GCC_C_LANGUAGE_STANDARD = gnu17;
				GCC_NO_COMMON_BLOCKS = YES;
				GCC_WARN_64_TO_32_BIT_CONVERSION = YES;
				GCC_WARN_ABOUT_RETURN_TYPE = YES_ERROR;
				GCC_WARN_UNDECLARED_SELECTOR = YES;
				GCC_WARN_UNINITIALIZED_AUTOS = YES_AGGRESSIVE;
				GCC_WARN_UNUSED_FUNCTION = YES;
				GCC_WARN_UNUSED_VARIABLE = YES;
				LOCALIZATION_PREFERS_STRING_CATALOGS = YES;
				MTL_ENABLE_DEBUG_INFO = NO;
				MTL_FAST_MATH = YES;
				SUPPORTED_PLATFORMS = "iphonesimulator iphoneos";
				SWIFT_COMPILATION_MODE = wholemodule;
			};
			name = Release;
		};
		E26988B72A3D0AA1004DE85B /* Debug */ = {
			isa = XCBuildConfiguration;
			baseConfigurationReference = E258D8192A5AEE81001D493D /* Development.xcconfig */;
			buildSettings = {
				ASSETCATALOG_COMPILER_APPICON_NAME = AppIcon;
				ASSETCATALOG_COMPILER_GLOBAL_ACCENT_COLOR_NAME = AccentColor;
				CODE_SIGN_ENTITLEMENTS = GaryDit/GaryDit.entitlements;
				CODE_SIGN_STYLE = Automatic;
				CURRENT_PROJECT_VERSION = 1;
				DEVELOPMENT_ASSET_PATHS = "\"GaryDit/Preview Content\"";
				DEVELOPMENT_TEAM = 8H3J46CN24;
				ENABLE_HARDENED_RUNTIME = YES;
				ENABLE_PREVIEWS = YES;
				GENERATE_INFOPLIST_FILE = YES;
				INFOPLIST_FILE = GaryDit/Info.plist;
				INFOPLIST_KEY_LSApplicationCategoryType = "";
				"INFOPLIST_KEY_UIApplicationSceneManifest_Generation[sdk=iphoneos*]" = YES;
				"INFOPLIST_KEY_UIApplicationSceneManifest_Generation[sdk=iphonesimulator*]" = YES;
				"INFOPLIST_KEY_UIApplicationSupportsIndirectInputEvents[sdk=iphoneos*]" = YES;
				"INFOPLIST_KEY_UIApplicationSupportsIndirectInputEvents[sdk=iphonesimulator*]" = YES;
				"INFOPLIST_KEY_UILaunchScreen_Generation[sdk=iphoneos*]" = YES;
				"INFOPLIST_KEY_UILaunchScreen_Generation[sdk=iphonesimulator*]" = YES;
				"INFOPLIST_KEY_UIStatusBarStyle[sdk=iphoneos*]" = UIStatusBarStyleDefault;
				"INFOPLIST_KEY_UIStatusBarStyle[sdk=iphonesimulator*]" = UIStatusBarStyleDefault;
				INFOPLIST_KEY_UISupportedInterfaceOrientations_iPad = "UIInterfaceOrientationPortrait UIInterfaceOrientationPortraitUpsideDown UIInterfaceOrientationLandscapeLeft UIInterfaceOrientationLandscapeRight";
				INFOPLIST_KEY_UISupportedInterfaceOrientations_iPhone = "UIInterfaceOrientationPortrait UIInterfaceOrientationLandscapeLeft UIInterfaceOrientationLandscapeRight";
				IPHONEOS_DEPLOYMENT_TARGET = 17.0;
				LD_RUNPATH_SEARCH_PATHS = "@executable_path/Frameworks";
				"LD_RUNPATH_SEARCH_PATHS[sdk=macosx*]" = "@executable_path/../Frameworks";
				MACOSX_DEPLOYMENT_TARGET = 14.0;
				MARKETING_VERSION = 1.0;
				PRODUCT_BUNDLE_IDENTIFIER = online.tomk.GaryDit;
				PRODUCT_NAME = "$(TARGET_NAME)";
				SDKROOT = auto;
				SUPPORTED_PLATFORMS = "iphoneos iphonesimulator";
				SUPPORTS_MACCATALYST = NO;
				SWIFT_EMIT_LOC_STRINGS = YES;
				SWIFT_VERSION = 5.0;
				TARGETED_DEVICE_FAMILY = "1,2";
			};
			name = Debug;
		};
		E26988B82A3D0AA1004DE85B /* Release */ = {
			isa = XCBuildConfiguration;
			baseConfigurationReference = E258D81A2A5AEE8B001D493D /* Release.xcconfig */;
			buildSettings = {
				ASSETCATALOG_COMPILER_APPICON_NAME = AppIcon;
				ASSETCATALOG_COMPILER_GLOBAL_ACCENT_COLOR_NAME = AccentColor;
				CODE_SIGN_ENTITLEMENTS = GaryDit/GaryDit.entitlements;
				CODE_SIGN_STYLE = Automatic;
				CURRENT_PROJECT_VERSION = 1;
				DEVELOPMENT_ASSET_PATHS = "\"GaryDit/Preview Content\"";
				DEVELOPMENT_TEAM = 8H3J46CN24;
				ENABLE_HARDENED_RUNTIME = YES;
				ENABLE_PREVIEWS = YES;
				GENERATE_INFOPLIST_FILE = YES;
				INFOPLIST_FILE = GaryDit/Info.plist;
				INFOPLIST_KEY_LSApplicationCategoryType = "";
				"INFOPLIST_KEY_UIApplicationSceneManifest_Generation[sdk=iphoneos*]" = YES;
				"INFOPLIST_KEY_UIApplicationSceneManifest_Generation[sdk=iphonesimulator*]" = YES;
				"INFOPLIST_KEY_UIApplicationSupportsIndirectInputEvents[sdk=iphoneos*]" = YES;
				"INFOPLIST_KEY_UIApplicationSupportsIndirectInputEvents[sdk=iphonesimulator*]" = YES;
				"INFOPLIST_KEY_UILaunchScreen_Generation[sdk=iphoneos*]" = YES;
				"INFOPLIST_KEY_UILaunchScreen_Generation[sdk=iphonesimulator*]" = YES;
				"INFOPLIST_KEY_UIStatusBarStyle[sdk=iphoneos*]" = UIStatusBarStyleDefault;
				"INFOPLIST_KEY_UIStatusBarStyle[sdk=iphonesimulator*]" = UIStatusBarStyleDefault;
				INFOPLIST_KEY_UISupportedInterfaceOrientations_iPad = "UIInterfaceOrientationPortrait UIInterfaceOrientationPortraitUpsideDown UIInterfaceOrientationLandscapeLeft UIInterfaceOrientationLandscapeRight";
				INFOPLIST_KEY_UISupportedInterfaceOrientations_iPhone = "UIInterfaceOrientationPortrait UIInterfaceOrientationLandscapeLeft UIInterfaceOrientationLandscapeRight";
				IPHONEOS_DEPLOYMENT_TARGET = 17.0;
				LD_RUNPATH_SEARCH_PATHS = "@executable_path/Frameworks";
				"LD_RUNPATH_SEARCH_PATHS[sdk=macosx*]" = "@executable_path/../Frameworks";
				MACOSX_DEPLOYMENT_TARGET = 14.0;
				MARKETING_VERSION = 1.0;
				PRODUCT_BUNDLE_IDENTIFIER = online.tomk.GaryDit;
				PRODUCT_NAME = "$(TARGET_NAME)";
				SDKROOT = auto;
				SUPPORTED_PLATFORMS = "iphoneos iphonesimulator";
				SUPPORTS_MACCATALYST = NO;
				SWIFT_EMIT_LOC_STRINGS = YES;
				SWIFT_VERSION = 5.0;
				TARGETED_DEVICE_FAMILY = "1,2";
			};
			name = Release;
		};
		E26988BA2A3D0AA1004DE85B /* Debug */ = {
			isa = XCBuildConfiguration;
			buildSettings = {
				ALWAYS_EMBED_SWIFT_STANDARD_LIBRARIES = YES;
				BUNDLE_LOADER = "$(TEST_HOST)";
				CODE_SIGN_STYLE = Automatic;
				CURRENT_PROJECT_VERSION = 1;
				DEVELOPMENT_TEAM = 8H3J46CN24;
				GENERATE_INFOPLIST_FILE = YES;
				IPHONEOS_DEPLOYMENT_TARGET = 17.0;
				MACOSX_DEPLOYMENT_TARGET = 13.3;
				MARKETING_VERSION = 1.0;
				PRODUCT_BUNDLE_IDENTIFIER = online.tomk.GaryDitTests;
				PRODUCT_NAME = "$(TARGET_NAME)";
				SDKROOT = auto;
				SUPPORTED_PLATFORMS = "iphoneos iphonesimulator macosx";
				SWIFT_EMIT_LOC_STRINGS = NO;
				SWIFT_VERSION = 5.0;
				TARGETED_DEVICE_FAMILY = "1,2";
				TEST_HOST = "$(BUILT_PRODUCTS_DIR)/GaryDit.app/$(BUNDLE_EXECUTABLE_FOLDER_PATH)/GaryDit";
			};
			name = Debug;
		};
		E26988BB2A3D0AA1004DE85B /* Release */ = {
			isa = XCBuildConfiguration;
			buildSettings = {
				ALWAYS_EMBED_SWIFT_STANDARD_LIBRARIES = YES;
				BUNDLE_LOADER = "$(TEST_HOST)";
				CODE_SIGN_STYLE = Automatic;
				CURRENT_PROJECT_VERSION = 1;
				DEVELOPMENT_TEAM = 8H3J46CN24;
				GENERATE_INFOPLIST_FILE = YES;
				IPHONEOS_DEPLOYMENT_TARGET = 17.0;
				MACOSX_DEPLOYMENT_TARGET = 13.3;
				MARKETING_VERSION = 1.0;
				PRODUCT_BUNDLE_IDENTIFIER = online.tomk.GaryDitTests;
				PRODUCT_NAME = "$(TARGET_NAME)";
				SDKROOT = auto;
				SUPPORTED_PLATFORMS = "iphoneos iphonesimulator macosx";
				SWIFT_EMIT_LOC_STRINGS = NO;
				SWIFT_VERSION = 5.0;
				TARGETED_DEVICE_FAMILY = "1,2";
				TEST_HOST = "$(BUILT_PRODUCTS_DIR)/GaryDit.app/$(BUNDLE_EXECUTABLE_FOLDER_PATH)/GaryDit";
			};
			name = Release;
		};
		E26988BD2A3D0AA1004DE85B /* Debug */ = {
			isa = XCBuildConfiguration;
			buildSettings = {
				ALWAYS_EMBED_SWIFT_STANDARD_LIBRARIES = YES;
				CODE_SIGN_STYLE = Automatic;
				CURRENT_PROJECT_VERSION = 1;
				DEVELOPMENT_TEAM = 8H3J46CN24;
				GENERATE_INFOPLIST_FILE = YES;
				IPHONEOS_DEPLOYMENT_TARGET = 17.0;
				MACOSX_DEPLOYMENT_TARGET = 13.3;
				MARKETING_VERSION = 1.0;
				PRODUCT_BUNDLE_IDENTIFIER = online.tomk.GaryDitUITests;
				PRODUCT_NAME = "$(TARGET_NAME)";
				SDKROOT = auto;
				SUPPORTED_PLATFORMS = "iphoneos iphonesimulator macosx";
				SWIFT_EMIT_LOC_STRINGS = NO;
				SWIFT_VERSION = 5.0;
				TARGETED_DEVICE_FAMILY = "1,2";
				TEST_TARGET_NAME = GaryDit;
			};
			name = Debug;
		};
		E26988BE2A3D0AA1004DE85B /* Release */ = {
			isa = XCBuildConfiguration;
			buildSettings = {
				ALWAYS_EMBED_SWIFT_STANDARD_LIBRARIES = YES;
				CODE_SIGN_STYLE = Automatic;
				CURRENT_PROJECT_VERSION = 1;
				DEVELOPMENT_TEAM = 8H3J46CN24;
				GENERATE_INFOPLIST_FILE = YES;
				IPHONEOS_DEPLOYMENT_TARGET = 17.0;
				MACOSX_DEPLOYMENT_TARGET = 13.3;
				MARKETING_VERSION = 1.0;
				PRODUCT_BUNDLE_IDENTIFIER = online.tomk.GaryDitUITests;
				PRODUCT_NAME = "$(TARGET_NAME)";
				SDKROOT = auto;
				SUPPORTED_PLATFORMS = "iphoneos iphonesimulator macosx";
				SWIFT_EMIT_LOC_STRINGS = NO;
				SWIFT_VERSION = 5.0;
				TARGETED_DEVICE_FAMILY = "1,2";
				TEST_TARGET_NAME = GaryDit;
			};
			name = Release;
		};
/* End XCBuildConfiguration section */

/* Begin XCConfigurationList section */
		E26988892A3D0A9F004DE85B /* Build configuration list for PBXProject "GaryDit" */ = {
			isa = XCConfigurationList;
			buildConfigurations = (
				E26988B42A3D0AA1004DE85B /* Debug */,
				E258D81D2A5AF125001D493D /* Local */,
				E26988B52A3D0AA1004DE85B /* Release */,
			);
			defaultConfigurationIsVisible = 0;
			defaultConfigurationName = Release;
		};
		E26988B62A3D0AA1004DE85B /* Build configuration list for PBXNativeTarget "GaryDit" */ = {
			isa = XCConfigurationList;
			buildConfigurations = (
				E26988B72A3D0AA1004DE85B /* Debug */,
				E258D81E2A5AF125001D493D /* Local */,
				E26988B82A3D0AA1004DE85B /* Release */,
			);
			defaultConfigurationIsVisible = 0;
			defaultConfigurationName = Release;
		};
		E26988B92A3D0AA1004DE85B /* Build configuration list for PBXNativeTarget "GaryDitTests" */ = {
			isa = XCConfigurationList;
			buildConfigurations = (
				E26988BA2A3D0AA1004DE85B /* Debug */,
				E258D81F2A5AF125001D493D /* Local */,
				E26988BB2A3D0AA1004DE85B /* Release */,
			);
			defaultConfigurationIsVisible = 0;
			defaultConfigurationName = Release;
		};
		E26988BC2A3D0AA1004DE85B /* Build configuration list for PBXNativeTarget "GaryDitUITests" */ = {
			isa = XCConfigurationList;
			buildConfigurations = (
				E26988BD2A3D0AA1004DE85B /* Debug */,
				E258D8202A5AF125001D493D /* Local */,
				E26988BE2A3D0AA1004DE85B /* Release */,
			);
			defaultConfigurationIsVisible = 0;
			defaultConfigurationName = Release;
		};
/* End XCConfigurationList section */

/* Begin XCRemoteSwiftPackageReference section */
		E260D5832A485BF600A60839 /* XCRemoteSwiftPackageReference "VideoPlayer" */ = {
			isa = XCRemoteSwiftPackageReference;
			repositoryURL = "https://github.com/wxxsw/VideoPlayer";
			requirement = {
				kind = upToNextMajorVersion;
				minimumVersion = 1.2.3;
			};
		};
		E26988C02A3D0BED004DE85B /* XCRemoteSwiftPackageReference "OAuthSwift" */ = {
			isa = XCRemoteSwiftPackageReference;
			repositoryURL = "https://github.com/OAuthSwift/OAuthSwift";
			requirement = {
				kind = upToNextMajorVersion;
				minimumVersion = 2.2.0;
			};
		};
		E26988C62A3D1604004DE85B /* XCRemoteSwiftPackageReference "lottie-spm" */ = {
			isa = XCRemoteSwiftPackageReference;
			repositoryURL = "https://github.com/airbnb/lottie-spm.git";
			requirement = {
				kind = upToNextMajorVersion;
				minimumVersion = 4.2.0;
			};
		};
		E2A1899F2A425F1900BE1E59 /* XCRemoteSwiftPackageReference "FLAnimatedImage" */ = {
			isa = XCRemoteSwiftPackageReference;
			repositoryURL = "https://github.com/Flipboard/FLAnimatedImage";
			requirement = {
				kind = upToNextMajorVersion;
				minimumVersion = 1.0.17;
			};
		};
/* End XCRemoteSwiftPackageReference section */

/* Begin XCSwiftPackageProductDependency section */
		E260D5842A485BF600A60839 /* VideoPlayer */ = {
			isa = XCSwiftPackageProductDependency;
			package = E260D5832A485BF600A60839 /* XCRemoteSwiftPackageReference "VideoPlayer" */;
			productName = VideoPlayer;
		};
		E26988C12A3D0BED004DE85B /* OAuthSwift */ = {
			isa = XCSwiftPackageProductDependency;
			package = E26988C02A3D0BED004DE85B /* XCRemoteSwiftPackageReference "OAuthSwift" */;
			productName = OAuthSwift;
		};
		E26988C72A3D1604004DE85B /* Lottie */ = {
			isa = XCSwiftPackageProductDependency;
			package = E26988C62A3D1604004DE85B /* XCRemoteSwiftPackageReference "lottie-spm" */;
			productName = Lottie;
		};
		E2A189A02A425F1900BE1E59 /* FLAnimatedImage */ = {
			isa = XCSwiftPackageProductDependency;
			package = E2A1899F2A425F1900BE1E59 /* XCRemoteSwiftPackageReference "FLAnimatedImage" */;
			productName = FLAnimatedImage;
		};
/* End XCSwiftPackageProductDependency section */
	};
	rootObject = E26988862A3D0A9F004DE85B /* Project object */;
}
